
Microsoft Visual Studio Solution File, Format Version 12.00
# Visual Studio Version 17
VisualStudioVersion = 17.1.32319.34
MinimumVisualStudioVersion = 10.0.40219.1
Project("{FAE04EC0-301F-11D3-BF4B-00C04F79EFBC}") = "aspnetserver", "aspnetserver\aspnetserver.csproj", "{93DEAB9C-D768-4861-9E19-05C0E37BCD73}"
EndProject
Global
	GlobalSection(SolutionConfigurationPlatforms) = preSolution
		Debug|Any CPU = Debug|Any CPU
		Release|Any CPU = Release|Any CPU
	EndGlobalSection
	GlobalSection(ProjectConfigurationPlatforms) = postSolution
		{93DEAB9C-D768-4861-9E19-05C0E37BCD73}.Debug|Any CPU.ActiveCfg = Debug|Any CPU
		{93DEAB9C-D768-4861-9E19-05C0E37BCD73}.Debug|Any CPU.Build.0 = Debug|Any CPU
		{93DEAB9C-D768-4861-9E19-05C0E37BCD73}.Release|Any CPU.ActiveCfg = Release|Any CPU
		{93DEAB9C-D768-4861-9E19-05C0E37BCD73}.Release|Any CPU.Build.0 = Release|Any CPU
	EndGlobalSection
	GlobalSection(SolutionProperties) = preSolution
		HideSolutionNode = FALSE
	EndGlobalSection
	GlobalSection(ExtensibilityGlobals) = postSolution
		SolutionGuid = {A3C89846-EC44-4E03-96E6-DD673F2900C6}
	EndGlobalSection
EndGlobal
